
Microsoft Visual Studio Solution File, Format Version 12.00
# Visual Studio 2013
VisualStudioVersion = 12.0.21005.1
MinimumVisualStudioVersion = 10.0.40219.1
Project("{FAE04EC0-301F-11D3-BF4B-00C04F79EFBC}") = "gRPCDemo", "gRPCDemo\gRPCDemo.csproj", "{55AA1F59-0366-4D85-921F-B90F82AD809B}"
EndProject
Project("{FAE04EC0-301F-11D3-BF4B-00C04F79EFBC}") = "gRPCServer", "gRPCServer\gRPCServer.csproj", "{358DAB5C-5F74-45A1-862F-918A55DB743A}"
EndProject
Project("{FAE04EC0-301F-11D3-BF4B-00C04F79EFBC}") = "gRPCClient", "gRPCClient\gRPCClient.csproj", "{997FD842-6223-4B0F-96E6-9004478C5D7C}"
EndProject
Project("{2150E333-8FDC-42A3-9474-1A3956D46DE8}") = ".nuget", ".nuget", "{0FEDB7CD-6AEA-4C2E-9B7E-C3FC89C676AC}"
	ProjectSection(SolutionItems) = preProject
		.nuget\packages.config = .nuget\packages.config
	EndProjectSection
EndProject
Global
	GlobalSection(SolutionConfigurationPlatforms) = preSolution
		Debug|Any CPU = Debug|Any CPU
		Release|Any CPU = Release|Any CPU
	EndGlobalSection
	GlobalSection(ProjectConfigurationPlatforms) = postSolution
		{55AA1F59-0366-4D85-921F-B90F82AD809B}.Debug|Any CPU.ActiveCfg = Debug|Any CPU
		{55AA1F59-0366-4D85-921F-B90F82AD809B}.Debug|Any CPU.Build.0 = Debug|Any CPU
		{55AA1F59-0366-4D85-921F-B90F82AD809B}.Release|Any CPU.ActiveCfg = Release|Any CPU
		{55AA1F59-0366-4D85-921F-B90F82AD809B}.Release|Any CPU.Build.0 = Release|Any CPU
		{358DAB5C-5F74-45A1-862F-918A55DB743A}.Debug|Any CPU.ActiveCfg = Debug|Any CPU
		{358DAB5C-5F74-45A1-862F-918A55DB743A}.Debug|Any CPU.Build.0 = Debug|Any CPU
		{358DAB5C-5F74-45A1-862F-918A55DB743A}.Release|Any CPU.ActiveCfg = Release|Any CPU
		{358DAB5C-5F74-45A1-862F-918A55DB743A}.Release|Any CPU.Build.0 = Release|Any CPU
		{997FD842-6223-4B0F-96E6-9004478C5D7C}.Debug|Any CPU.ActiveCfg = Debug|Any CPU
		{997FD842-6223-4B0F-96E6-9004478C5D7C}.Debug|Any CPU.Build.0 = Debug|Any CPU
		{997FD842-6223-4B0F-96E6-9004478C5D7C}.Release|Any CPU.ActiveCfg = Release|Any CPU
		{997FD842-6223-4B0F-96E6-9004478C5D7C}.Release|Any CPU.Build.0 = Release|Any CPU
	EndGlobalSection
	GlobalSection(SolutionProperties) = preSolution
		HideSolutionNode = FALSE
	EndGlobalSection
EndGlobal
